
Microsoft Visual Studio Solution File, Format Version 12.00
# Visual Studio Version 17
VisualStudioVersion = 17.9.34607.119
MinimumVisualStudioVersion = 10.0.40219.1
Project("{9A19103F-16F7-4668-BE54-9A1E7A4F7556}") = "1. Fundamentals", "Section 2 - Fundamentals\1. Fundamentals.csproj", "{5B9FCAB0-3081-428D-9339-E5BB800372E0}"
EndProject
Project("{2150E333-8FDC-42A3-9474-1A3956D46DE8}") = "Section 2", "Section 2", "{C9A13461-874B-4188-80A9-E5A76CB38D8F}"
EndProject
Project("{9A19103F-16F7-4668-BE54-9A1E7A4F7556}") = "2. Calculator", "Calculator\2. Calculator.csproj", "{00D7CCE2-1287-4596-B3CC-33B0C7D22607}"
EndProject
Project("{9A19103F-16F7-4668-BE54-9A1E7A4F7556}") = "TODOApp", "TODOApp\TODOApp.csproj", "{C9041542-BFC9-494D-9461-DBABF029F4E0}"
EndProject
Project("{2150E333-8FDC-42A3-9474-1A3956D46DE8}") = "Section 3", "Section 3", "{1A233EC0-7042-41EF-A3DE-17D3539DAB44}"
	ProjectSection(SolutionItems) = preProject
		OOP notes.txt = OOP notes.txt
	EndProjectSection
EndProject
Project("{FAE04EC0-301F-11D3-BF4B-00C04F79EFBC}") = "HotelBooking Exercise", "HotelBooking Exercise\HotelBooking Exercise.csproj", "{C704E4DD-2D47-46A7-9C35-3B4A884F375E}"
EndProject
Project("{FAE04EC0-301F-11D3-BF4B-00C04F79EFBC}") = "Triangle", "Triangle\Triangle.csproj", "{A2543137-8A06-4EEB-BDB7-0EB2E5BA5FB8}"
EndProject
Project("{FAE04EC0-301F-11D3-BF4B-00C04F79EFBC}") = "Dog", "Dog\Dog.csproj", "{10771897-94FA-4C22-A29F-70874AC41761}"
EndProject
Project("{FAE04EC0-301F-11D3-BF4B-00C04F79EFBC}") = "Training notes", "Training notes\Training notes.csproj", "{0A962D7E-DF91-4F15-9686-04C36869A3F7}"
EndProject
Project("{FAE04EC0-301F-11D3-BF4B-00C04F79EFBC}") = "Order", "Order\Order.csproj", "{C30AD105-ED06-4A74-8CA2-9DF3A3BF203A}"
EndProject
Project("{FAE04EC0-301F-11D3-BF4B-00C04F79EFBC}") = "DailyAccountState", "DailyAccountState\DailyAccountState.csproj", "{FF17760E-989D-4B4A-B716-2441E46179BA}"
EndProject
Project("{FAE04EC0-301F-11D3-BF4B-00C04F79EFBC}") = "NumberToDayOfWeekTranslator", "NumberToDayOfWeekTranslator\NumberToDayOfWeekTranslator.csproj", "{1E7A3884-DF9A-456C-A22F-BA5D8EB62BDB}"
EndProject
Project("{FAE04EC0-301F-11D3-BF4B-00C04F79EFBC}") = "StringsTransformation", "StringsTransformation\StringsTransformation.csproj", "{05D2D6F6-0A30-4239-8D44-8115CAA5F816}"
EndProject
Global
	GlobalSection(SolutionConfigurationPlatforms) = preSolution
		Debug|Any CPU = Debug|Any CPU
		Release|Any CPU = Release|Any CPU
	EndGlobalSection
	GlobalSection(ProjectConfigurationPlatforms) = postSolution
		{5B9FCAB0-3081-428D-9339-E5BB800372E0}.Debug|Any CPU.ActiveCfg = Debug|Any CPU
		{5B9FCAB0-3081-428D-9339-E5BB800372E0}.Debug|Any CPU.Build.0 = Debug|Any CPU
		{5B9FCAB0-3081-428D-9339-E5BB800372E0}.Release|Any CPU.ActiveCfg = Release|Any CPU
		{5B9FCAB0-3081-428D-9339-E5BB800372E0}.Release|Any CPU.Build.0 = Release|Any CPU
		{00D7CCE2-1287-4596-B3CC-33B0C7D22607}.Debug|Any CPU.ActiveCfg = Debug|Any CPU
		{00D7CCE2-1287-4596-B3CC-33B0C7D22607}.Debug|Any CPU.Build.0 = Debug|Any CPU
		{00D7CCE2-1287-4596-B3CC-33B0C7D22607}.Release|Any CPU.ActiveCfg = Release|Any CPU
		{00D7CCE2-1287-4596-B3CC-33B0C7D22607}.Release|Any CPU.Build.0 = Release|Any CPU
		{C9041542-BFC9-494D-9461-DBABF029F4E0}.Debug|Any CPU.ActiveCfg = Debug|Any CPU
		{C9041542-BFC9-494D-9461-DBABF029F4E0}.Debug|Any CPU.Build.0 = Debug|Any CPU
		{C9041542-BFC9-494D-9461-DBABF029F4E0}.Release|Any CPU.ActiveCfg = Release|Any CPU
		{C9041542-BFC9-494D-9461-DBABF029F4E0}.Release|Any CPU.Build.0 = Release|Any CPU
		{C704E4DD-2D47-46A7-9C35-3B4A884F375E}.Debug|Any CPU.ActiveCfg = Debug|Any CPU
		{C704E4DD-2D47-46A7-9C35-3B4A884F375E}.Debug|Any CPU.Build.0 = Debug|Any CPU
		{C704E4DD-2D47-46A7-9C35-3B4A884F375E}.Release|Any CPU.ActiveCfg = Release|Any CPU
		{C704E4DD-2D47-46A7-9C35-3B4A884F375E}.Release|Any CPU.Build.0 = Release|Any CPU
		{A2543137-8A06-4EEB-BDB7-0EB2E5BA5FB8}.Debug|Any CPU.ActiveCfg = Debug|Any CPU
		{A2543137-8A06-4EEB-BDB7-0EB2E5BA5FB8}.Debug|Any CPU.Build.0 = Debug|Any CPU
		{A2543137-8A06-4EEB-BDB7-0EB2E5BA5FB8}.Release|Any CPU.ActiveCfg = Release|Any CPU
		{A2543137-8A06-4EEB-BDB7-0EB2E5BA5FB8}.Release|Any CPU.Build.0 = Release|Any CPU
		{10771897-94FA-4C22-A29F-70874AC41761}.Debug|Any CPU.ActiveCfg = Debug|Any CPU
		{10771897-94FA-4C22-A29F-70874AC41761}.Debug|Any CPU.Build.0 = Debug|Any CPU
		{10771897-94FA-4C22-A29F-70874AC41761}.Release|Any CPU.ActiveCfg = Release|Any CPU
		{10771897-94FA-4C22-A29F-70874AC41761}.Release|Any CPU.Build.0 = Release|Any CPU
		{0A962D7E-DF91-4F15-9686-04C36869A3F7}.Debug|Any CPU.ActiveCfg = Debug|Any CPU
		{0A962D7E-DF91-4F15-9686-04C36869A3F7}.Debug|Any CPU.Build.0 = Debug|Any CPU
		{0A962D7E-DF91-4F15-9686-04C36869A3F7}.Release|Any CPU.ActiveCfg = Release|Any CPU
		{0A962D7E-DF91-4F15-9686-04C36869A3F7}.Release|Any CPU.Build.0 = Release|Any CPU
		{C30AD105-ED06-4A74-8CA2-9DF3A3BF203A}.Debug|Any CPU.ActiveCfg = Debug|Any CPU
		{C30AD105-ED06-4A74-8CA2-9DF3A3BF203A}.Debug|Any CPU.Build.0 = Debug|Any CPU
		{C30AD105-ED06-4A74-8CA2-9DF3A3BF203A}.Release|Any CPU.ActiveCfg = Release|Any CPU
		{C30AD105-ED06-4A74-8CA2-9DF3A3BF203A}.Release|Any CPU.Build.0 = Release|Any CPU
		{FF17760E-989D-4B4A-B716-2441E46179BA}.Debug|Any CPU.ActiveCfg = Debug|Any CPU
		{FF17760E-989D-4B4A-B716-2441E46179BA}.Debug|Any CPU.Build.0 = Debug|Any CPU
		{FF17760E-989D-4B4A-B716-2441E46179BA}.Release|Any CPU.ActiveCfg = Release|Any CPU
		{FF17760E-989D-4B4A-B716-2441E46179BA}.Release|Any CPU.Build.0 = Release|Any CPU
		{1E7A3884-DF9A-456C-A22F-BA5D8EB62BDB}.Debug|Any CPU.ActiveCfg = Debug|Any CPU
		{1E7A3884-DF9A-456C-A22F-BA5D8EB62BDB}.Debug|Any CPU.Build.0 = Debug|Any CPU
		{1E7A3884-DF9A-456C-A22F-BA5D8EB62BDB}.Release|Any CPU.ActiveCfg = Release|Any CPU
		{1E7A3884-DF9A-456C-A22F-BA5D8EB62BDB}.Release|Any CPU.Build.0 = Release|Any CPU
		{05D2D6F6-0A30-4239-8D44-8115CAA5F816}.Debug|Any CPU.ActiveCfg = Debug|Any CPU
		{05D2D6F6-0A30-4239-8D44-8115CAA5F816}.Debug|Any CPU.Build.0 = Debug|Any CPU
		{05D2D6F6-0A30-4239-8D44-8115CAA5F816}.Release|Any CPU.ActiveCfg = Release|Any CPU
		{05D2D6F6-0A30-4239-8D44-8115CAA5F816}.Release|Any CPU.Build.0 = Release|Any CPU
	EndGlobalSection
	GlobalSection(SolutionProperties) = preSolution
		HideSolutionNode = FALSE
	EndGlobalSection
	GlobalSection(NestedProjects) = preSolution
		{5B9FCAB0-3081-428D-9339-E5BB800372E0} = {C9A13461-874B-4188-80A9-E5A76CB38D8F}
		{00D7CCE2-1287-4596-B3CC-33B0C7D22607} = {C9A13461-874B-4188-80A9-E5A76CB38D8F}
		{C9041542-BFC9-494D-9461-DBABF029F4E0} = {C9A13461-874B-4188-80A9-E5A76CB38D8F}
		{C704E4DD-2D47-46A7-9C35-3B4A884F375E} = {1A233EC0-7042-41EF-A3DE-17D3539DAB44}
		{A2543137-8A06-4EEB-BDB7-0EB2E5BA5FB8} = {1A233EC0-7042-41EF-A3DE-17D3539DAB44}
		{10771897-94FA-4C22-A29F-70874AC41761} = {1A233EC0-7042-41EF-A3DE-17D3539DAB44}
		{0A962D7E-DF91-4F15-9686-04C36869A3F7} = {1A233EC0-7042-41EF-A3DE-17D3539DAB44}
		{C30AD105-ED06-4A74-8CA2-9DF3A3BF203A} = {1A233EC0-7042-41EF-A3DE-17D3539DAB44}
		{FF17760E-989D-4B4A-B716-2441E46179BA} = {1A233EC0-7042-41EF-A3DE-17D3539DAB44}
		{1E7A3884-DF9A-456C-A22F-BA5D8EB62BDB} = {1A233EC0-7042-41EF-A3DE-17D3539DAB44}
		{05D2D6F6-0A30-4239-8D44-8115CAA5F816} = {1A233EC0-7042-41EF-A3DE-17D3539DAB44}
	EndGlobalSection
	GlobalSection(ExtensibilityGlobals) = postSolution
		SolutionGuid = {36DA6711-F20A-4BF9-9032-9CDBD1AE22E5}
	EndGlobalSection
EndGlobal
